
Microsoft Visual Studio Solution File, Format Version 12.00
# Visual Studio Version 17
VisualStudioVersion = 17.8.34511.84
MinimumVisualStudioVersion = 10.0.40219.1
Project("{FAE04EC0-301F-11D3-BF4B-00C04F79EFBC}") = "Intro", "Intro\Intro.csproj", "{3360E7C0-11C1-47B5-B5C0-474BAD764ADA}"
EndProject
Global
	GlobalSection(SolutionConfigurationPlatforms) = preSolution
		Debug|Any CPU = Debug|Any CPU
		Release|Any CPU = Release|Any CPU
	EndGlobalSection
	GlobalSection(ProjectConfigurationPlatforms) = postSolution
		{3360E7C0-11C1-47B5-B5C0-474BAD764ADA}.Debug|Any CPU.ActiveCfg = Debug|Any CPU
		{3360E7C0-11C1-47B5-B5C0-474BAD764ADA}.Debug|Any CPU.Build.0 = Debug|Any CPU
		{3360E7C0-11C1-47B5-B5C0-474BAD764ADA}.Release|Any CPU.ActiveCfg = Release|Any CPU
		{3360E7C0-11C1-47B5-B5C0-474BAD764ADA}.Release|Any CPU.Build.0 = Release|Any CPU
	EndGlobalSection
	GlobalSection(SolutionProperties) = preSolution
		HideSolutionNode = FALSE
	EndGlobalSection
	GlobalSection(ExtensibilityGlobals) = postSolution
		SolutionGuid = {CBCD183B-93E1-43BC-89CF-B987336A67B9}
	EndGlobalSection
EndGlobal
